{
	archiveVersion = 1;
	classes = {
	};
	objectVersion = 56;
	objects = {

/* Begin PBXProject section */
		"TryggSamtalApp" /* Project object */ = {
			isa = PBXProject;
			attributes = {
				LastUpgradeCheck = 9999;
			};
			buildConfigurationList = "ConfigList" /* Build configuration list */;
			compatibilityVersion = "Xcode 14.0";
			developmentRegion = en;
			hasScannedForEncodings = 0;
			knownRegions = (
				en,
				Base,
			);
			mainGroup = "MainGroup";
			productRefGroup = "Products";
			projectDirPath = "";
			projectRoot = "";
			targets = (
				"TryggSamtalApp" /* TryggSamtalApp */,
			);
		};
/* End PBXProject section */

/* Begin PBXNativeTarget section */
		"TryggSamtalApp" /* TryggSamtalApp */ = {
			isa = PBXNativeTarget;
			buildConfigurationList = "TargetConfigList";
			buildPhases = (
				"Sources",
				"Frameworks",
				"Resources",
			);
			buildRules = ();
			dependencies = ();
			name = TryggSamtalApp;
			packageProductDependencies = ();
			productName = TryggSamtalApp;
			productReference = "TryggSamtalApp.app";
			productType = "com.apple.product-type.application";
		};
/* End PBXNativeTarget section */

	};
	rootObject = "TryggSamtalApp" /* Project object */;
}
