// !$*UTF8*$!
{
	archiveVersion = 1;
	classes = {
	};
	objectVersion = 56;
	objects = {

/* Begin PBXBuildFile section */
		A100000000000001 /* Sources */ = {isa = PBXBuildFile; fileRef = A100000000000002 /* AppDelegate.swift */; };
		A100000000000003 /* Resources */ = {isa = PBXBuildFile; fileRef = A100000000000004 /* Info.plist */; };
		A100000000000005 /* Audio */ = {isa = PBXBuildFile; fileRef = A100000000000006 /* Audio */; };
		A100000000000007 /* Detection */ = {isa = PBXBuildFile; fileRef = A100000000000008 /* Detection */; };
		A100000000000009 /* Resources folder */ = {isa = PBXBuildFile; fileRef = A10000000000000A /* Resources */; };
		A10000000000000B /* STT */ = {isa = PBXBuildFile; fileRef = A10000000000000C /* STT */; };
		A10000000000000D /* Services */ = {isa = PBXBuildFile; fileRef = A10000000000000E /* Services */; };
		A10000000000000F /* UI */ = {isa = PBXBuildFile; fileRef = A100000000000010 /* UI */; };
/* End PBXBuildFile section */

/* Begin PBXFileReference section */
		A100000000000002 /* AppDelegate.swift */ = {isa = PBXFileReference; lastKnownFileType = sourcecode.swift; path = AppDelegate.swift; sourceTree = "<group>"; };
		A100000000000004 /* Info.plist */ = {isa = PBXFileReference; lastKnownFileType = text.plist.xml; path = Info.plist; sourceTree = "<group>"; };
		A100000000000006 /* Audio */ = {isa = PBXFileReference; lastKnownFileType = folder; path = Audio; sourceTree = "<group>"; };
		A100000000000008 /* Detection */ = {isa = PBXFileReference; lastKnownFileType = folder; path = Detection; sourceTree = "<group>"; };
		A10000000000000A /* Resources */ = {isa = PBXFileReference; lastKnownFileType = folder; path = Resources; sourceTree = "<group>"; };
		A10000000000000C /* STT */ = {isa = PBXFileReference; lastKnownFileType = folder; path = STT; sourceTree = "<group>"; };
		A10000000000000E /* Services */ = {isa = PBXFileReference; lastKnownFileType = folder; path = Services; sourceTree = "<group>"; };
		A100000000000010 /* UI */ = {isa = PBXFileReference; lastKnownFileType = folder; path = UI; sourceTree = "<group>"; };
		A100000000000011 /* TryggSamtalApp.app */ = {isa = PBXFileReference; explicitFileType = wrapper.application; includeInIndex = 0; path = TryggSamtalApp.app; sourceTree = BUILT_PRODUCTS_DIR; };
/* End PBXFileReference section */

/* Begin PBXGroup section */
		A100000000000001 /* TryggSamtalApp */ = {
			isa = PBXGroup;
			children = (
				A100000000000002 /* AppDelegate.swift */,
				A100000000000004 /* Info.plist */,
				A100000000000006 /* Audio */,
				A100000000000008 /* Detection */,
				A10000000000000A /* Resources */,
				A10000000000000C /* STT */,
				A10000000000000E /* Services */,
				A100000000000010 /* UI */,
				A100000000000012 /* Products */,
			);
			sourceTree = "<group>";
		};
		A100000000000012 /* Products */ = {
			isa = PBXGroup;
			children = (
				A100000000000011 /* TryggSamtalApp.app */,
			);
			name = Products;
			sourceTree = "<group>";
		};
/* End PBXGroup section */

/* Begin PBXNativeTarget section */
		A100000000000013 /* TryggSamtalApp */ = {
			isa = PBXNativeTarget;
			buildConfigurationList = A100000000000017 /* Build configuration list */;
			buildPhases = (
				A100000000000014 /* Sources */,
				A100000000000015 /* Frameworks */,
				A100000000000016 /* Resources */,
			);
			buildRules = ();
			dependencies = ();
			name = TryggSamtalApp;
			productName = TryggSamtalApp;
			productReference = A100000000000011 /* TryggSamtalApp.app */;
			productType = "com.apple.product-type.application";
		};
/* End PBXNativeTarget section */

/* Begin PBXProject section */
		A100000000000000 /* Project object */ = {
			isa = PBXProject;
			attributes = {
				LastUpgradeCheck = 1520;
				ORGANIZATIONNAME = Danelito81;
			};
			buildConfigurationList = A100000000000018 /* Build configuration list */;
			compatibilityVersion = "Xcode 14.0";
			developmentRegion = en;
			hasScannedForEncodings = 0;
			knownRegions = (en, Base);
			mainGroup = A100000000000001;
			productRefGroup = A100000000000012 /* Products */;
			projectDirPath = "";
			projectRoot = "";
			targets = (A100000000000013 /* TryggSamtalApp */);
		};
/* End PBXProject section */

/* Begin PBXSourcesBuildPhase section */
		A100000000000014 /* Sources */ = {
			isa = PBXSourcesBuildPhase;
			buildActionMask = 2147483647;
			files = (
				A100000000000001 /* AppDelegate.swift */,
				A100000000000005 /* Audio */,
				A100000000000007 /* Detection */,
				A10000000000000B /* STT */,
				A10000000000000D /* Services */,
				A10000000000000F /* UI */,
			);
			runOnlyForDeploymentPostprocessing = 0;
		};
/* End PBXSourcesBuildPhase section */

/* Begin PBXFrameworksBuildPhase section */
		A100000000000015 /* Frameworks */ = {
			isa = PBXFrameworksBuildPhase;
			buildActionMask = 2147483647;
			files = ();
			runOnlyForDeploymentPostprocessing = 0;
		};
/* End PBXFrameworksBuildPhase section */

/* Begin PBXResourcesBuildPhase section */
		A100000000000016 /* Resources */ = {
			isa = PBXResourcesBuildPhase;
			buildActionMask = 2147483647;
			files = (
				A100000000000003 /* Info.plist */,
				A100000000000009 /* Resources folder */,
			);
			runOnlyForDeploymentPostprocessing = 0;
		};
/* End PBXResourcesBuildPhase section */

/* Begin XCBuildConfiguration section */
		A100000000000019 /* Debug */ = {
			isa = XCBuildConfiguration;
			buildSettings = {
				CODE_SIGN_STYLE = Automatic;
				INFOPLIST_FILE = Info.plist;
				PRODUCT_BUNDLE_IDENTIFIER = "com.yourname.tryggsamtal";   // ← CHANGE THIS TO YOUR REAL BUNDLE ID
				PRODUCT_NAME = "$(TARGET_NAME)";
				SWIFT_VERSION = 5.0;
				TARGETED_DEVICE_FAMILY = "1";
			};
			name = Debug;
		};
		A10000000000001A /* Release */ = {
			isa = XCBuildConfiguration;
			buildSettings = {
				CODE_SIGN_STYLE = Automatic;
				INFOPLIST_FILE = Info.plist;
				PRODUCT_BUNDLE_IDENTIFIER = "com.yourname.tryggsamtal";   // ← CHANGE THIS TO YOUR REAL BUNDLE ID
				PRODUCT_NAME = "$(TARGET_NAME)";
				SWIFT_VERSION = 5.0;
				TARGETED_DEVICE_FAMILY = "1";
			};
			name = Release;
		};
/* End XCBuildConfiguration section */

/* Begin XCConfigurationList section */
		A100000000000017 = {
			isa = XCConfigurationList;
			buildConfigurations = (A100000000000019, A10000000000001A);
			defaultConfigurationIsVisible = 0;
			defaultConfigurationName = Release;
		};
		A100000000000018 = {
			isa = XCConfigurationList;
			buildConfigurations = (A100000000000019, A10000000000001A);
			defaultConfigurationIsVisible = 0;
			defaultConfigurationName = Release;
		};
/* End XCConfigurationList section */
	};
	rootObject = A100000000000000 /* Project object */;
}
